// !$*UTF8*$!
{
	archiveVersion = 1;
	classes = {
	};
	objectVersion = 46;
	objects = {

/* Begin PBXAggregateTarget section */
		42720F6F163823AF008C8E63 /* all */ = {
			isa = PBXAggregateTarget;
			buildConfigurationList = 42720F70163823AF008C8E63 /* Build configuration list for PBXAggregateTarget "all" */;
			buildPhases = (
			);
			dependencies = (
				42A160C516B87E2F0007755C /* PBXTargetDependency */,
			);
			name = all;
			productName = all;
		};
/* End PBXAggregateTarget section */

/* Begin PBXBuildFile section */
		421ADE3D197BEA1B007EDE79 /* libea.a in Frameworks */ = {isa = PBXBuildFile; fileRef = 421ADE3C197BEA1B007EDE79 /* libea.a */; };
		42A1609316B82FDB0007755C /* all_ones.cpp in Sources */ = {isa = PBXBuildFile; fileRef = 42F4EE6916AEE845000123A4 /* all_ones.cpp */; };
		4804DF141F4F208800B649C8 /* libea.a in Frameworks */ = {isa = PBXBuildFile; fileRef = 421ADE3C197BEA1B007EDE79 /* libea.a */; };
		4804DF1A1F4F209200B649C8 /* gls.cpp in Sources */ = {isa = PBXBuildFile; fileRef = 4804DF0E1F4F1E3D00B649C8 /* gls.cpp */; };
		4804DF201F4F2C0300B649C8 /* libea.a in Frameworks */ = {isa = PBXBuildFile; fileRef = 421ADE3C197BEA1B007EDE79 /* libea.a */; };
		4804DF261F4F2C0D00B649C8 /* gls_ps.cpp in Sources */ = {isa = PBXBuildFile; fileRef = 4804DF1B1F4F2BCD00B649C8 /* gls_ps.cpp */; };
		481EFFC21E86F165006786A5 /* libea.a in Frameworks */ = {isa = PBXBuildFile; fileRef = 421ADE3C197BEA1B007EDE79 /* libea.a */; };
		481EFFC81E86F173006786A5 /* mt.cpp in Sources */ = {isa = PBXBuildFile; fileRef = 48BD95081E8559F700C7B0EA /* mt.cpp */; };
		483B73311F61C21C00DE803D /* libea.a in Frameworks */ = {isa = PBXBuildFile; fileRef = 421ADE3C197BEA1B007EDE79 /* libea.a */; };
		483B73381F61C25C00DE803D /* mt_lr_gls.cpp in Sources */ = {isa = PBXBuildFile; fileRef = 483B73371F61C25C00DE803D /* mt_lr_gls.cpp */; };
		48649A761FB49EDB00CE17DE /* libea.a in Frameworks */ = {isa = PBXBuildFile; fileRef = 421ADE3C197BEA1B007EDE79 /* libea.a */; };
		48649A7C1FB49EE900CE17DE /* mt_lr_gls_control.cpp in Sources */ = {isa = PBXBuildFile; fileRef = 48649A711FB49E9500CE17DE /* mt_lr_gls_control.cpp */; };
		4869C2FD1F9A34570094E1A4 /* libea.a in Frameworks */ = {isa = PBXBuildFile; fileRef = 421ADE3C197BEA1B007EDE79 /* libea.a */; };
		4869C3031F9A34660094E1A4 /* mt_lr_only_comm.cpp in Sources */ = {isa = PBXBuildFile; fileRef = 4882E1C01EF1D39B00555DD4 /* mt_lr_only_comm.cpp */; };
		48BA62371E89778800FF91C4 /* libea.a in Frameworks */ = {isa = PBXBuildFile; fileRef = 421ADE3C197BEA1B007EDE79 /* libea.a */; };
		48BA623D1E89778F00FF91C4 /* mt_lr.cpp in Sources */ = {isa = PBXBuildFile; fileRef = 48BA62321E89772D00FF91C4 /* mt_lr.cpp */; };
		48BD95121E855A2800C7B0EA /* libea.a in Frameworks */ = {isa = PBXBuildFile; fileRef = 421ADE3C197BEA1B007EDE79 /* libea.a */; };
		48BD95181E855A3C00C7B0EA /* ts_mt.cpp in Sources */ = {isa = PBXBuildFile; fileRef = 48BD950B1E8559F700C7B0EA /* ts_mt.cpp */; };
		48CD1FE31EA500BA003393BB /* libea.a in Frameworks */ = {isa = PBXBuildFile; fileRef = 421ADE3C197BEA1B007EDE79 /* libea.a */; };
		48CD1FE91EA500C4003393BB /* mt_lr_perfect.cpp in Sources */ = {isa = PBXBuildFile; fileRef = 48CD1FDE1EA50076003393BB /* mt_lr_perfect.cpp */; };
/* End PBXBuildFile section */

/* Begin PBXContainerItemProxy section */
		42A160C416B87E2F0007755C /* PBXContainerItemProxy */ = {
			isa = PBXContainerItemProxy;
			containerPortal = 4244196715859482009863BE /* Project object */;
			proxyType = 1;
			remoteGlobalIDString = 42F4EE5B16AEE80D000123A4;
			remoteInfo = "matrix-mkv";
		};
/* End PBXContainerItemProxy section */

/* Begin PBXCopyFilesBuildPhase section */
		42F4EE6216AEE80D000123A4 /* CopyFiles */ = {
			isa = PBXCopyFilesBuildPhase;
			buildActionMask = 2147483647;
			dstPath = /usr/share/man/man1/;
			dstSubfolderSpec = 0;
			files = (
			);
			runOnlyForDeploymentPostprocessing = 1;
		};
		4804DF151F4F208800B649C8 /* CopyFiles */ = {
			isa = PBXCopyFilesBuildPhase;
			buildActionMask = 2147483647;
			dstPath = /usr/share/man/man1/;
			dstSubfolderSpec = 0;
			files = (
			);
			runOnlyForDeploymentPostprocessing = 1;
		};
		4804DF211F4F2C0300B649C8 /* CopyFiles */ = {
			isa = PBXCopyFilesBuildPhase;
			buildActionMask = 2147483647;
			dstPath = /usr/share/man/man1/;
			dstSubfolderSpec = 0;
			files = (
			);
			runOnlyForDeploymentPostprocessing = 1;
		};
		481EFFC31E86F165006786A5 /* CopyFiles */ = {
			isa = PBXCopyFilesBuildPhase;
			buildActionMask = 2147483647;
			dstPath = /usr/share/man/man1/;
			dstSubfolderSpec = 0;
			files = (
			);
			runOnlyForDeploymentPostprocessing = 1;
		};
		483B73321F61C21C00DE803D /* CopyFiles */ = {
			isa = PBXCopyFilesBuildPhase;
			buildActionMask = 2147483647;
			dstPath = /usr/share/man/man1/;
			dstSubfolderSpec = 0;
			files = (
			);
			runOnlyForDeploymentPostprocessing = 1;
		};
		48649A771FB49EDB00CE17DE /* CopyFiles */ = {
			isa = PBXCopyFilesBuildPhase;
			buildActionMask = 2147483647;
			dstPath = /usr/share/man/man1/;
			dstSubfolderSpec = 0;
			files = (
			);
			runOnlyForDeploymentPostprocessing = 1;
		};
		4869C2FE1F9A34570094E1A4 /* CopyFiles */ = {
			isa = PBXCopyFilesBuildPhase;
			buildActionMask = 2147483647;
			dstPath = /usr/share/man/man1/;
			dstSubfolderSpec = 0;
			files = (
			);
			runOnlyForDeploymentPostprocessing = 1;
		};
		48BA62381E89778800FF91C4 /* CopyFiles */ = {
			isa = PBXCopyFilesBuildPhase;
			buildActionMask = 2147483647;
			dstPath = /usr/share/man/man1/;
			dstSubfolderSpec = 0;
			files = (
			);
			runOnlyForDeploymentPostprocessing = 1;
		};
		48BD95131E855A2800C7B0EA /* CopyFiles */ = {
			isa = PBXCopyFilesBuildPhase;
			buildActionMask = 2147483647;
			dstPath = /usr/share/man/man1/;
			dstSubfolderSpec = 0;
			files = (
			);
			runOnlyForDeploymentPostprocessing = 1;
		};
		48CD1FE41EA500BA003393BB /* CopyFiles */ = {
			isa = PBXCopyFilesBuildPhase;
			buildActionMask = 2147483647;
			dstPath = /usr/share/man/man1/;
			dstSubfolderSpec = 0;
			files = (
			);
			runOnlyForDeploymentPostprocessing = 1;
		};
/* End PBXCopyFilesBuildPhase section */

/* Begin PBXFileReference section */
		421ADE3C197BEA1B007EDE79 /* libea.a */ = {isa = PBXFileReference; lastKnownFileType = archive.ar; name = libea.a; path = ../ealib/build/Debug/libea.a; sourceTree = "<group>"; };
		421ADE3E197BEA48007EDE79 /* all_ones.cfg */ = {isa = PBXFileReference; lastKnownFileType = text; path = all_ones.cfg; sourceTree = "<group>"; };
		42441B3E15862E1B009863BE /* Jamroot */ = {isa = PBXFileReference; lastKnownFileType = text; path = Jamroot; sourceTree = "<group>"; };
		42706B11166AF51C003FB2E3 /* template.xcconfig */ = {isa = PBXFileReference; lastKnownFileType = text.xcconfig; path = template.xcconfig; sourceTree = "<group>"; };
		42F4EE6616AEE80D000123A4 /* mt-all-ones */ = {isa = PBXFileReference; explicitFileType = "compiled.mach-o.executable"; includeInIndex = 0; path = "mt-all-ones"; sourceTree = BUILT_PRODUCTS_DIR; };
		42F4EE6916AEE845000123A4 /* all_ones.cpp */ = {isa = PBXFileReference; fileEncoding = 4; lastKnownFileType = sourcecode.cpp.cpp; path = all_ones.cpp; sourceTree = "<group>"; };
		4804DF0E1F4F1E3D00B649C8 /* gls.cpp */ = {isa = PBXFileReference; lastKnownFileType = sourcecode.cpp.cpp; path = gls.cpp; sourceTree = "<group>"; };
		4804DF0F1F4F1F5600B649C8 /* gls.h */ = {isa = PBXFileReference; lastKnownFileType = sourcecode.c.h; path = gls.h; sourceTree = "<group>"; };
		4804DF191F4F208800B649C8 /* gls */ = {isa = PBXFileReference; explicitFileType = "compiled.mach-o.executable"; includeInIndex = 0; path = gls; sourceTree = BUILT_PRODUCTS_DIR; };
		4804DF1B1F4F2BCD00B649C8 /* gls_ps.cpp */ = {isa = PBXFileReference; lastKnownFileType = sourcecode.cpp.cpp; path = gls_ps.cpp; sourceTree = "<group>"; };
		4804DF251F4F2C0300B649C8 /* gls_ps */ = {isa = PBXFileReference; explicitFileType = "compiled.mach-o.executable"; includeInIndex = 0; path = gls_ps; sourceTree = BUILT_PRODUCTS_DIR; };
		481EFFC71E86F165006786A5 /* mt */ = {isa = PBXFileReference; explicitFileType = "compiled.mach-o.executable"; includeInIndex = 0; path = mt; sourceTree = BUILT_PRODUCTS_DIR; };
		483456461FA246FD003E55E0 /* mt_lr_gls_no_soma.cpp */ = {isa = PBXFileReference; lastKnownFileType = sourcecode.cpp.cpp; path = mt_lr_gls_no_soma.cpp; sourceTree = "<group>"; };
		483B73361F61C21C00DE803D /* mt_lr_gls */ = {isa = PBXFileReference; explicitFileType = "compiled.mach-o.executable"; includeInIndex = 0; path = mt_lr_gls; sourceTree = BUILT_PRODUCTS_DIR; };
		483B73371F61C25C00DE803D /* mt_lr_gls.cpp */ = {isa = PBXFileReference; fileEncoding = 4; lastKnownFileType = sourcecode.cpp.cpp; path = mt_lr_gls.cpp; sourceTree = "<group>"; };
		485E3A441EE85E9E000B699C /* movie.h */ = {isa = PBXFileReference; lastKnownFileType = sourcecode.c.h; path = movie.h; sourceTree = "<group>"; };
		48649A711FB49E9500CE17DE /* mt_lr_gls_control.cpp */ = {isa = PBXFileReference; lastKnownFileType = sourcecode.cpp.cpp; path = mt_lr_gls_control.cpp; sourceTree = "<group>"; };
		48649A7B1FB49EDB00CE17DE /* mt_lr_gls_control */ = {isa = PBXFileReference; explicitFileType = "compiled.mach-o.executable"; includeInIndex = 0; path = mt_lr_gls_control; sourceTree = BUILT_PRODUCTS_DIR; };
		4869C3021F9A34570094E1A4 /* mt_lr_only_comm */ = {isa = PBXFileReference; explicitFileType = "compiled.mach-o.executable"; includeInIndex = 0; path = mt_lr_only_comm; sourceTree = BUILT_PRODUCTS_DIR; };
		4871358A1F93F7390032CEEA /* gls_ps_no_soma.cpp */ = {isa = PBXFileReference; lastKnownFileType = sourcecode.cpp.cpp; path = gls_ps_no_soma.cpp; sourceTree = "<group>"; };
		4882E1BF1EF1D22E00555DD4 /* mt_lr_no_comm.cpp */ = {isa = PBXFileReference; lastKnownFileType = sourcecode.cpp.cpp; path = mt_lr_no_comm.cpp; sourceTree = "<group>"; };
		4882E1C01EF1D39B00555DD4 /* mt_lr_only_comm.cpp */ = {isa = PBXFileReference; lastKnownFileType = sourcecode.cpp.cpp; path = mt_lr_only_comm.cpp; sourceTree = "<group>"; };
		488D702B1FE0277600578C3B /* ko.h */ = {isa = PBXFileReference; lastKnownFileType = sourcecode.c.h; path = ko.h; sourceTree = "<group>"; };
		48BA62311E89663800FF91C4 /* mt_propagule_orig.h */ = {isa = PBXFileReference; lastKnownFileType = sourcecode.c.h; path = mt_propagule_orig.h; sourceTree = "<group>"; };
		48BA62321E89772D00FF91C4 /* mt_lr.cpp */ = {isa = PBXFileReference; lastKnownFileType = sourcecode.cpp.cpp; path = mt_lr.cpp; sourceTree = "<group>"; };
		48BA623C1E89778800FF91C4 /* mt_lr */ = {isa = PBXFileReference; explicitFileType = "compiled.mach-o.executable"; includeInIndex = 0; path = mt_lr; sourceTree = BUILT_PRODUCTS_DIR; };
		48BD95071E8559F700C7B0EA /* mt_propagule.h */ = {isa = PBXFileReference; lastKnownFileType = sourcecode.c.h; path = mt_propagule.h; sourceTree = "<group>"; };
		48BD95081E8559F700C7B0EA /* mt.cpp */ = {isa = PBXFileReference; lastKnownFileType = sourcecode.cpp.cpp; path = mt.cpp; sourceTree = "<group>"; };
		48BD95091E8559F700C7B0EA /* multi_birth_selfrep_not_remote_ancestor.h */ = {isa = PBXFileReference; lastKnownFileType = sourcecode.c.h; path = multi_birth_selfrep_not_remote_ancestor.h; sourceTree = "<group>"; };
		48BD950A1E8559F700C7B0EA /* ts_replication_propagule.h */ = {isa = PBXFileReference; lastKnownFileType = sourcecode.c.h; path = ts_replication_propagule.h; sourceTree = "<group>"; };
		48BD950B1E8559F700C7B0EA /* ts_mt.cpp */ = {isa = PBXFileReference; lastKnownFileType = sourcecode.cpp.cpp; path = ts_mt.cpp; sourceTree = "<group>"; };
		48BD950C1E8559F700C7B0EA /* ts.cpp */ = {isa = PBXFileReference; lastKnownFileType = sourcecode.cpp.cpp; path = ts.cpp; sourceTree = "<group>"; };
		48BD950D1E8559F700C7B0EA /* ts.h */ = {isa = PBXFileReference; lastKnownFileType = sourcecode.c.h; path = ts.h; sourceTree = "<group>"; };
		48BD95171E855A2800C7B0EA /* ts */ = {isa = PBXFileReference; explicitFileType = "compiled.mach-o.executable"; includeInIndex = 0; path = ts; sourceTree = BUILT_PRODUCTS_DIR; };
		48CD1FDE1EA50076003393BB /* mt_lr_perfect.cpp */ = {isa = PBXFileReference; lastKnownFileType = sourcecode.cpp.cpp; path = mt_lr_perfect.cpp; sourceTree = "<group>"; };
		48CD1FE81EA500BB003393BB /* mt_lr_perfect */ = {isa = PBXFileReference; explicitFileType = "compiled.mach-o.executable"; includeInIndex = 0; path = mt_lr_perfect; sourceTree = BUILT_PRODUCTS_DIR; };
/* End PBXFileReference section */

/* Begin PBXFrameworksBuildPhase section */
		42F4EE5E16AEE80D000123A4 /* Frameworks */ = {
			isa = PBXFrameworksBuildPhase;
			buildActionMask = 2147483647;
			files = (
				421ADE3D197BEA1B007EDE79 /* libea.a in Frameworks */,
			);
			runOnlyForDeploymentPostprocessing = 0;
		};
		4804DF131F4F208800B649C8 /* Frameworks */ = {
			isa = PBXFrameworksBuildPhase;
			buildActionMask = 2147483647;
			files = (
				4804DF141F4F208800B649C8 /* libea.a in Frameworks */,
			);
			runOnlyForDeploymentPostprocessing = 0;
		};
		4804DF1F1F4F2C0300B649C8 /* Frameworks */ = {
			isa = PBXFrameworksBuildPhase;
			buildActionMask = 2147483647;
			files = (
				4804DF201F4F2C0300B649C8 /* libea.a in Frameworks */,
			);
			runOnlyForDeploymentPostprocessing = 0;
		};
		481EFFC11E86F165006786A5 /* Frameworks */ = {
			isa = PBXFrameworksBuildPhase;
			buildActionMask = 2147483647;
			files = (
				481EFFC21E86F165006786A5 /* libea.a in Frameworks */,
			);
			runOnlyForDeploymentPostprocessing = 0;
		};
		483B73301F61C21C00DE803D /* Frameworks */ = {
			isa = PBXFrameworksBuildPhase;
			buildActionMask = 2147483647;
			files = (
				483B73311F61C21C00DE803D /* libea.a in Frameworks */,
			);
			runOnlyForDeploymentPostprocessing = 0;
		};
		48649A751FB49EDB00CE17DE /* Frameworks */ = {
			isa = PBXFrameworksBuildPhase;
			buildActionMask = 2147483647;
			files = (
				48649A761FB49EDB00CE17DE /* libea.a in Frameworks */,
			);
			runOnlyForDeploymentPostprocessing = 0;
		};
		4869C2FC1F9A34570094E1A4 /* Frameworks */ = {
			isa = PBXFrameworksBuildPhase;
			buildActionMask = 2147483647;
			files = (
				4869C2FD1F9A34570094E1A4 /* libea.a in Frameworks */,
			);
			runOnlyForDeploymentPostprocessing = 0;
		};
		48BA62361E89778800FF91C4 /* Frameworks */ = {
			isa = PBXFrameworksBuildPhase;
			buildActionMask = 2147483647;
			files = (
				48BA62371E89778800FF91C4 /* libea.a in Frameworks */,
			);
			runOnlyForDeploymentPostprocessing = 0;
		};
		48BD95111E855A2800C7B0EA /* Frameworks */ = {
			isa = PBXFrameworksBuildPhase;
			buildActionMask = 2147483647;
			files = (
				48BD95121E855A2800C7B0EA /* libea.a in Frameworks */,
			);
			runOnlyForDeploymentPostprocessing = 0;
		};
		48CD1FE21EA500BA003393BB /* Frameworks */ = {
			isa = PBXFrameworksBuildPhase;
			buildActionMask = 2147483647;
			files = (
				48CD1FE31EA500BA003393BB /* libea.a in Frameworks */,
			);
			runOnlyForDeploymentPostprocessing = 0;
		};
/* End PBXFrameworksBuildPhase section */

/* Begin PBXGroup section */
		4244196515859482009863BE = {
			isa = PBXGroup;
			children = (
				42441B3E15862E1B009863BE /* Jamroot */,
				42441A7A15861669009863BE /* etc */,
				424419941585961A009863BE /* lib */,
				42441A01158613F5009863BE /* src */,
				4244197115859482009863BE /* Products */,
			);
			sourceTree = "<group>";
		};
		4244197115859482009863BE /* Products */ = {
			isa = PBXGroup;
			children = (
				42F4EE6616AEE80D000123A4 /* mt-all-ones */,
				48BD95171E855A2800C7B0EA /* ts */,
				481EFFC71E86F165006786A5 /* mt */,
				48BA623C1E89778800FF91C4 /* mt_lr */,
				48CD1FE81EA500BB003393BB /* mt_lr_perfect */,
				4804DF191F4F208800B649C8 /* gls */,
				4804DF251F4F2C0300B649C8 /* gls_ps */,
				483B73361F61C21C00DE803D /* mt_lr_gls */,
				4869C3021F9A34570094E1A4 /* mt_lr_only_comm */,
				48649A7B1FB49EDB00CE17DE /* mt_lr_gls_control */,
			);
			name = Products;
			sourceTree = "<group>";
		};
		424419941585961A009863BE /* lib */ = {
			isa = PBXGroup;
			children = (
				421ADE3C197BEA1B007EDE79 /* libea.a */,
			);
			name = lib;
			path = ../apps;
			sourceTree = "<group>";
		};
		42441A01158613F5009863BE /* src */ = {
			isa = PBXGroup;
			children = (
				483B73371F61C25C00DE803D /* mt_lr_gls.cpp */,
				48649A711FB49E9500CE17DE /* mt_lr_gls_control.cpp */,
				483456461FA246FD003E55E0 /* mt_lr_gls_no_soma.cpp */,
				48BD95071E8559F700C7B0EA /* mt_propagule.h */,
				48BA62311E89663800FF91C4 /* mt_propagule_orig.h */,
				48BD95081E8559F700C7B0EA /* mt.cpp */,
				48BA62321E89772D00FF91C4 /* mt_lr.cpp */,
				4882E1C01EF1D39B00555DD4 /* mt_lr_only_comm.cpp */,
				4882E1BF1EF1D22E00555DD4 /* mt_lr_no_comm.cpp */,
				48CD1FDE1EA50076003393BB /* mt_lr_perfect.cpp */,
				48BD95091E8559F700C7B0EA /* multi_birth_selfrep_not_remote_ancestor.h */,
				48BD950A1E8559F700C7B0EA /* ts_replication_propagule.h */,
				48BD950B1E8559F700C7B0EA /* ts_mt.cpp */,
				48BD950C1E8559F700C7B0EA /* ts.cpp */,
				48BD950D1E8559F700C7B0EA /* ts.h */,
				42F4EE6916AEE845000123A4 /* all_ones.cpp */,
				485E3A441EE85E9E000B699C /* movie.h */,
				488D702B1FE0277600578C3B /* ko.h */,
				4804DF0E1F4F1E3D00B649C8 /* gls.cpp */,
				4804DF1B1F4F2BCD00B649C8 /* gls_ps.cpp */,
				4871358A1F93F7390032CEEA /* gls_ps_no_soma.cpp */,
				4804DF0F1F4F1F5600B649C8 /* gls.h */,
			);
			path = src;
			sourceTree = "<group>";
		};
		42441A7A15861669009863BE /* etc */ = {
			isa = PBXGroup;
			children = (
				421ADE3E197BEA48007EDE79 /* all_ones.cfg */,
				42706B11166AF51C003FB2E3 /* template.xcconfig */,
			);
			path = etc;
			sourceTree = "<group>";
		};
/* End PBXGroup section */

/* Begin PBXNativeTarget section */
		42F4EE5B16AEE80D000123A4 /* mt-all-ones */ = {
			isa = PBXNativeTarget;
			buildConfigurationList = 42F4EE6316AEE80D000123A4 /* Build configuration list for PBXNativeTarget "mt-all-ones" */;
			buildPhases = (
				42F4EE5C16AEE80D000123A4 /* Sources */,
				42F4EE5E16AEE80D000123A4 /* Frameworks */,
				42F4EE6216AEE80D000123A4 /* CopyFiles */,
			);
			buildRules = (
			);
			dependencies = (
			);
			name = "mt-all-ones";
			productName = "ocr-single";
			productReference = 42F4EE6616AEE80D000123A4 /* mt-all-ones */;
			productType = "com.apple.product-type.tool";
		};
		4804DF101F4F208800B649C8 /* gls */ = {
			isa = PBXNativeTarget;
			buildConfigurationList = 4804DF161F4F208800B649C8 /* Build configuration list for PBXNativeTarget "gls" */;
			buildPhases = (
				4804DF111F4F208800B649C8 /* Sources */,
				4804DF131F4F208800B649C8 /* Frameworks */,
				4804DF151F4F208800B649C8 /* CopyFiles */,
			);
			buildRules = (
			);
			dependencies = (
			);
			name = gls;
			productName = "ocr-single";
			productReference = 4804DF191F4F208800B649C8 /* gls */;
			productType = "com.apple.product-type.tool";
		};
		4804DF1C1F4F2C0300B649C8 /* gls_ps */ = {
			isa = PBXNativeTarget;
			buildConfigurationList = 4804DF221F4F2C0300B649C8 /* Build configuration list for PBXNativeTarget "gls_ps" */;
			buildPhases = (
				4804DF1D1F4F2C0300B649C8 /* Sources */,
				4804DF1F1F4F2C0300B649C8 /* Frameworks */,
				4804DF211F4F2C0300B649C8 /* CopyFiles */,
			);
			buildRules = (
			);
			dependencies = (
			);
			name = gls_ps;
			productName = "ocr-single";
			productReference = 4804DF251F4F2C0300B649C8 /* gls_ps */;
			productType = "com.apple.product-type.tool";
		};
		481EFFBE1E86F165006786A5 /* mt */ = {
			isa = PBXNativeTarget;
			buildConfigurationList = 481EFFC41E86F165006786A5 /* Build configuration list for PBXNativeTarget "mt" */;
			buildPhases = (
				481EFFBF1E86F165006786A5 /* Sources */,
				481EFFC11E86F165006786A5 /* Frameworks */,
				481EFFC31E86F165006786A5 /* CopyFiles */,
			);
			buildRules = (
			);
			dependencies = (
			);
			name = mt;
			productName = "ocr-single";
			productReference = 481EFFC71E86F165006786A5 /* mt */;
			productType = "com.apple.product-type.tool";
		};
		483B732D1F61C21C00DE803D /* mt_lr_gls */ = {
			isa = PBXNativeTarget;
			buildConfigurationList = 483B73331F61C21C00DE803D /* Build configuration list for PBXNativeTarget "mt_lr_gls" */;
			buildPhases = (
				483B732E1F61C21C00DE803D /* Sources */,
				483B73301F61C21C00DE803D /* Frameworks */,
				483B73321F61C21C00DE803D /* CopyFiles */,
			);
			buildRules = (
			);
			dependencies = (
			);
			name = mt_lr_gls;
			productName = "ocr-single";
			productReference = 483B73361F61C21C00DE803D /* mt_lr_gls */;
			productType = "com.apple.product-type.tool";
		};
		48649A721FB49EDB00CE17DE /* mt_lr_gls_control */ = {
			isa = PBXNativeTarget;
			buildConfigurationList = 48649A781FB49EDB00CE17DE /* Build configuration list for PBXNativeTarget "mt_lr_gls_control" */;
			buildPhases = (
				48649A731FB49EDB00CE17DE /* Sources */,
				48649A751FB49EDB00CE17DE /* Frameworks */,
				48649A771FB49EDB00CE17DE /* CopyFiles */,
			);
			buildRules = (
			);
			dependencies = (
			);
			name = mt_lr_gls_control;
			productName = "ocr-single";
			productReference = 48649A7B1FB49EDB00CE17DE /* mt_lr_gls_control */;
			productType = "com.apple.product-type.tool";
		};
		4869C2F91F9A34570094E1A4 /* mt_lr_only_comm */ = {
			isa = PBXNativeTarget;
			buildConfigurationList = 4869C2FF1F9A34570094E1A4 /* Build configuration list for PBXNativeTarget "mt_lr_only_comm" */;
			buildPhases = (
				4869C2FA1F9A34570094E1A4 /* Sources */,
				4869C2FC1F9A34570094E1A4 /* Frameworks */,
				4869C2FE1F9A34570094E1A4 /* CopyFiles */,
			);
			buildRules = (
			);
			dependencies = (
			);
			name = mt_lr_only_comm;
			productName = "ocr-single";
			productReference = 4869C3021F9A34570094E1A4 /* mt_lr_only_comm */;
			productType = "com.apple.product-type.tool";
		};
		48BA62331E89778800FF91C4 /* mt_lr */ = {
			isa = PBXNativeTarget;
			buildConfigurationList = 48BA62391E89778800FF91C4 /* Build configuration list for PBXNativeTarget "mt_lr" */;
			buildPhases = (
				48BA62341E89778800FF91C4 /* Sources */,
				48BA62361E89778800FF91C4 /* Frameworks */,
				48BA62381E89778800FF91C4 /* CopyFiles */,
			);
			buildRules = (
			);
			dependencies = (
			);
			name = mt_lr;
			productName = "ocr-single";
			productReference = 48BA623C1E89778800FF91C4 /* mt_lr */;
			productType = "com.apple.product-type.tool";
		};
		48BD950E1E855A2800C7B0EA /* ts */ = {
			isa = PBXNativeTarget;
			buildConfigurationList = 48BD95141E855A2800C7B0EA /* Build configuration list for PBXNativeTarget "ts" */;
			buildPhases = (
				48BD950F1E855A2800C7B0EA /* Sources */,
				48BD95111E855A2800C7B0EA /* Frameworks */,
				48BD95131E855A2800C7B0EA /* CopyFiles */,
			);
			buildRules = (
			);
			dependencies = (
			);
			name = ts;
			productName = "ocr-single";
			productReference = 48BD95171E855A2800C7B0EA /* ts */;
			productType = "com.apple.product-type.tool";
		};
		48CD1FDF1EA500BA003393BB /* mt_lr_perfect */ = {
			isa = PBXNativeTarget;
			buildConfigurationList = 48CD1FE51EA500BA003393BB /* Build configuration list for PBXNativeTarget "mt_lr_perfect" */;
			buildPhases = (
				48CD1FE01EA500BA003393BB /* Sources */,
				48CD1FE21EA500BA003393BB /* Frameworks */,
				48CD1FE41EA500BA003393BB /* CopyFiles */,
			);
			buildRules = (
			);
			dependencies = (
			);
			name = mt_lr_perfect;
			productName = "ocr-single";
			productReference = 48CD1FE81EA500BB003393BB /* mt_lr_perfect */;
			productType = "com.apple.product-type.tool";
		};
/* End PBXNativeTarget section */

/* Begin PBXProject section */
		4244196715859482009863BE /* Project object */ = {
			isa = PBXProject;
			attributes = {
				LastUpgradeCheck = 0820;
				ORGANIZATIONNAME = "Michigan State University";
			};
			buildConfigurationList = 4244196A15859482009863BE /* Build configuration list for PBXProject "mt" */;
			compatibilityVersion = "Xcode 3.2";
			developmentRegion = English;
			hasScannedForEncodings = 0;
			knownRegions = (
				en,
			);
			mainGroup = 4244196515859482009863BE;
			productRefGroup = 4244197115859482009863BE /* Products */;
			projectDirPath = "";
			projectRoot = "";
			targets = (
				42720F6F163823AF008C8E63 /* all */,
				42F4EE5B16AEE80D000123A4 /* mt-all-ones */,
				48BD950E1E855A2800C7B0EA /* ts */,
				481EFFBE1E86F165006786A5 /* mt */,
				48BA62331E89778800FF91C4 /* mt_lr */,
				48CD1FDF1EA500BA003393BB /* mt_lr_perfect */,
				4804DF101F4F208800B649C8 /* gls */,
				4804DF1C1F4F2C0300B649C8 /* gls_ps */,
				483B732D1F61C21C00DE803D /* mt_lr_gls */,
				4869C2F91F9A34570094E1A4 /* mt_lr_only_comm */,
				48649A721FB49EDB00CE17DE /* mt_lr_gls_control */,
			);
		};
/* End PBXProject section */

/* Begin PBXSourcesBuildPhase section */
		42F4EE5C16AEE80D000123A4 /* Sources */ = {
			isa = PBXSourcesBuildPhase;
			buildActionMask = 2147483647;
			files = (
				42A1609316B82FDB0007755C /* all_ones.cpp in Sources */,
			);
			runOnlyForDeploymentPostprocessing = 0;
		};
		4804DF111F4F208800B649C8 /* Sources */ = {
			isa = PBXSourcesBuildPhase;
			buildActionMask = 2147483647;
			files = (
				4804DF1A1F4F209200B649C8 /* gls.cpp in Sources */,
			);
			runOnlyForDeploymentPostprocessing = 0;
		};
		4804DF1D1F4F2C0300B649C8 /* Sources */ = {
			isa = PBXSourcesBuildPhase;
			buildActionMask = 2147483647;
			files = (
				4804DF261F4F2C0D00B649C8 /* gls_ps.cpp in Sources */,
			);
			runOnlyForDeploymentPostprocessing = 0;
		};
		481EFFBF1E86F165006786A5 /* Sources */ = {
			isa = PBXSourcesBuildPhase;
			buildActionMask = 2147483647;
			files = (
				481EFFC81E86F173006786A5 /* mt.cpp in Sources */,
			);
			runOnlyForDeploymentPostprocessing = 0;
		};
		483B732E1F61C21C00DE803D /* Sources */ = {
			isa = PBXSourcesBuildPhase;
			buildActionMask = 2147483647;
			files = (
				483B73381F61C25C00DE803D /* mt_lr_gls.cpp in Sources */,
			);
			runOnlyForDeploymentPostprocessing = 0;
		};
		48649A731FB49EDB00CE17DE /* Sources */ = {
			isa = PBXSourcesBuildPhase;
			buildActionMask = 2147483647;
			files = (
				48649A7C1FB49EE900CE17DE /* mt_lr_gls_control.cpp in Sources */,
			);
			runOnlyForDeploymentPostprocessing = 0;
		};
		4869C2FA1F9A34570094E1A4 /* Sources */ = {
			isa = PBXSourcesBuildPhase;
			buildActionMask = 2147483647;
			files = (
				4869C3031F9A34660094E1A4 /* mt_lr_only_comm.cpp in Sources */,
			);
			runOnlyForDeploymentPostprocessing = 0;
		};
		48BA62341E89778800FF91C4 /* Sources */ = {
			isa = PBXSourcesBuildPhase;
			buildActionMask = 2147483647;
			files = (
				48BA623D1E89778F00FF91C4 /* mt_lr.cpp in Sources */,
			);
			runOnlyForDeploymentPostprocessing = 0;
		};
		48BD950F1E855A2800C7B0EA /* Sources */ = {
			isa = PBXSourcesBuildPhase;
			buildActionMask = 2147483647;
			files = (
				48BD95181E855A3C00C7B0EA /* ts_mt.cpp in Sources */,
			);
			runOnlyForDeploymentPostprocessing = 0;
		};
		48CD1FE01EA500BA003393BB /* Sources */ = {
			isa = PBXSourcesBuildPhase;
			buildActionMask = 2147483647;
			files = (
				48CD1FE91EA500C4003393BB /* mt_lr_perfect.cpp in Sources */,
			);
			runOnlyForDeploymentPostprocessing = 0;
		};
/* End PBXSourcesBuildPhase section */

/* Begin PBXTargetDependency section */
		42A160C516B87E2F0007755C /* PBXTargetDependency */ = {
			isa = PBXTargetDependency;
			target = 42F4EE5B16AEE80D000123A4 /* mt-all-ones */;
			targetProxy = 42A160C416B87E2F0007755C /* PBXContainerItemProxy */;
		};
/* End PBXTargetDependency section */

/* Begin XCBuildConfiguration section */
		4244197815859482009863BE /* Debug */ = {
			isa = XCBuildConfiguration;
			baseConfigurationReference = 42706B11166AF51C003FB2E3 /* template.xcconfig */;
			buildSettings = {
				CLANG_WARN_BOOL_CONVERSION = YES;
				CLANG_WARN_CONSTANT_CONVERSION = YES;
				CLANG_WARN_EMPTY_BODY = YES;
				CLANG_WARN_ENUM_CONVERSION = YES;
				CLANG_WARN_INFINITE_RECURSION = YES;
				CLANG_WARN_INT_CONVERSION = YES;
				CLANG_WARN_SUSPICIOUS_MOVE = YES;
				CLANG_WARN_UNREACHABLE_CODE = YES;
				CLANG_WARN__DUPLICATE_METHOD_MATCH = YES;
				ENABLE_STRICT_OBJC_MSGSEND = YES;
				ENABLE_TESTABILITY = YES;
				GCC_NO_COMMON_BLOCKS = YES;
				GCC_WARN_64_TO_32_BIT_CONVERSION = YES;
				GCC_WARN_ABOUT_RETURN_TYPE = YES;
				GCC_WARN_UNDECLARED_SELECTOR = YES;
				GCC_WARN_UNINITIALIZED_AUTOS = YES;
				GCC_WARN_UNUSED_FUNCTION = YES;
				GCC_WARN_UNUSED_VARIABLE = YES;
				MACOSX_DEPLOYMENT_TARGET = 10.11;
			};
			name = Debug;
		};
		4244197915859482009863BE /* Release */ = {
			isa = XCBuildConfiguration;
			baseConfigurationReference = 42706B11166AF51C003FB2E3 /* template.xcconfig */;
			buildSettings = {
				CLANG_WARN_BOOL_CONVERSION = YES;
				CLANG_WARN_CONSTANT_CONVERSION = YES;
				CLANG_WARN_EMPTY_BODY = YES;
				CLANG_WARN_ENUM_CONVERSION = YES;
				CLANG_WARN_INFINITE_RECURSION = YES;
				CLANG_WARN_INT_CONVERSION = YES;
				CLANG_WARN_SUSPICIOUS_MOVE = YES;
				CLANG_WARN_UNREACHABLE_CODE = YES;
				CLANG_WARN__DUPLICATE_METHOD_MATCH = YES;
				ENABLE_STRICT_OBJC_MSGSEND = YES;
				GCC_NO_COMMON_BLOCKS = YES;
				GCC_WARN_64_TO_32_BIT_CONVERSION = YES;
				GCC_WARN_ABOUT_RETURN_TYPE = YES;
				GCC_WARN_UNDECLARED_SELECTOR = YES;
				GCC_WARN_UNINITIALIZED_AUTOS = YES;
				GCC_WARN_UNUSED_FUNCTION = YES;
				GCC_WARN_UNUSED_VARIABLE = YES;
				MACOSX_DEPLOYMENT_TARGET = 10.11;
			};
			name = Release;
		};
		42720F71163823AF008C8E63 /* Debug */ = {
			isa = XCBuildConfiguration;
			buildSettings = {
			};
			name = Debug;
		};
		42720F72163823AF008C8E63 /* Release */ = {
			isa = XCBuildConfiguration;
			buildSettings = {
			};
			name = Release;
		};
		42F4EE6416AEE80D000123A4 /* Debug */ = {
			isa = XCBuildConfiguration;
			buildSettings = {
				PRODUCT_NAME = "mt-all-ones";
			};
			name = Debug;
		};
		42F4EE6516AEE80D000123A4 /* Release */ = {
			isa = XCBuildConfiguration;
			buildSettings = {
				PRODUCT_NAME = "mt-all-ones";
			};
			name = Release;
		};
		4804DF171F4F208800B649C8 /* Debug */ = {
			isa = XCBuildConfiguration;
			buildSettings = {
				MACOSX_DEPLOYMENT_TARGET = 10.11;
				PRODUCT_NAME = "$(TARGET_NAME)";
			};
			name = Debug;
		};
		4804DF181F4F208800B649C8 /* Release */ = {
			isa = XCBuildConfiguration;
			buildSettings = {
				MACOSX_DEPLOYMENT_TARGET = 10.11;
				PRODUCT_NAME = "$(TARGET_NAME)";
			};
			name = Release;
		};
		4804DF231F4F2C0300B649C8 /* Debug */ = {
			isa = XCBuildConfiguration;
			buildSettings = {
				MACOSX_DEPLOYMENT_TARGET = 10.11;
				PRODUCT_NAME = "$(TARGET_NAME)";
			};
			name = Debug;
		};
		4804DF241F4F2C0300B649C8 /* Release */ = {
			isa = XCBuildConfiguration;
			buildSettings = {
				MACOSX_DEPLOYMENT_TARGET = 10.11;
				PRODUCT_NAME = "$(TARGET_NAME)";
			};
			name = Release;
		};
		481EFFC51E86F165006786A5 /* Debug */ = {
			isa = XCBuildConfiguration;
			buildSettings = {
				MACOSX_DEPLOYMENT_TARGET = 10.11;
				PRODUCT_NAME = "$(TARGET_NAME)";
			};
			name = Debug;
		};
		481EFFC61E86F165006786A5 /* Release */ = {
			isa = XCBuildConfiguration;
			buildSettings = {
				MACOSX_DEPLOYMENT_TARGET = 10.11;
				PRODUCT_NAME = "$(TARGET_NAME)";
			};
			name = Release;
		};
		483B73341F61C21C00DE803D /* Debug */ = {
			isa = XCBuildConfiguration;
			buildSettings = {
				MACOSX_DEPLOYMENT_TARGET = 10.11;
				PRODUCT_NAME = "$(TARGET_NAME)";
			};
			name = Debug;
		};
		483B73351F61C21C00DE803D /* Release */ = {
			isa = XCBuildConfiguration;
			buildSettings = {
				MACOSX_DEPLOYMENT_TARGET = 10.11;
				PRODUCT_NAME = "$(TARGET_NAME)";
			};
			name = Release;
		};
		48649A791FB49EDB00CE17DE /* Debug */ = {
			isa = XCBuildConfiguration;
			buildSettings = {
				MACOSX_DEPLOYMENT_TARGET = 10.11;
				PRODUCT_NAME = "$(TARGET_NAME)";
			};
			name = Debug;
		};
		48649A7A1FB49EDB00CE17DE /* Release */ = {
			isa = XCBuildConfiguration;
			buildSettings = {
				MACOSX_DEPLOYMENT_TARGET = 10.11;
				PRODUCT_NAME = "$(TARGET_NAME)";
			};
			name = Release;
		};
		4869C3001F9A34570094E1A4 /* Debug */ = {
			isa = XCBuildConfiguration;
			buildSettings = {
				MACOSX_DEPLOYMENT_TARGET = 10.11;
				PRODUCT_NAME = "$(TARGET_NAME)";
			};
			name = Debug;
		};
		4869C3011F9A34570094E1A4 /* Release */ = {
			isa = XCBuildConfiguration;
			buildSettings = {
				MACOSX_DEPLOYMENT_TARGET = 10.11;
				PRODUCT_NAME = "$(TARGET_NAME)";
			};
			name = Release;
		};
		48BA623A1E89778800FF91C4 /* Debug */ = {
			isa = XCBuildConfiguration;
			buildSettings = {
				MACOSX_DEPLOYMENT_TARGET = 10.11;
				PRODUCT_NAME = "$(TARGET_NAME)";
			};
			name = Debug;
		};
		48BA623B1E89778800FF91C4 /* Release */ = {
			isa = XCBuildConfiguration;
			buildSettings = {
				MACOSX_DEPLOYMENT_TARGET = 10.11;
				PRODUCT_NAME = "$(TARGET_NAME)";
			};
			name = Release;
		};
		48BD95151E855A2800C7B0EA /* Debug */ = {
			isa = XCBuildConfiguration;
			buildSettings = {
				MACOSX_DEPLOYMENT_TARGET = 10.11;
				PRODUCT_NAME = "$(TARGET_NAME)";
			};
			name = Debug;
		};
		48BD95161E855A2800C7B0EA /* Release */ = {
			isa = XCBuildConfiguration;
			buildSettings = {
				MACOSX_DEPLOYMENT_TARGET = 10.11;
				PRODUCT_NAME = "$(TARGET_NAME)";
			};
			name = Release;
		};
		48CD1FE61EA500BA003393BB /* Debug */ = {
			isa = XCBuildConfiguration;
			buildSettings = {
				MACOSX_DEPLOYMENT_TARGET = 10.11;
				PRODUCT_NAME = "$(TARGET_NAME)";
			};
			name = Debug;
		};
		48CD1FE71EA500BA003393BB /* Release */ = {
			isa = XCBuildConfiguration;
			buildSettings = {
				MACOSX_DEPLOYMENT_TARGET = 10.11;
				PRODUCT_NAME = "$(TARGET_NAME)";
			};
			name = Release;
		};
/* End XCBuildConfiguration section */

/* Begin XCConfigurationList section */
		4244196A15859482009863BE /* Build configuration list for PBXProject "mt" */ = {
			isa = XCConfigurationList;
			buildConfigurations = (
				4244197815859482009863BE /* Debug */,
				4244197915859482009863BE /* Release */,
			);
			defaultConfigurationIsVisible = 0;
			defaultConfigurationName = Release;
		};
		42720F70163823AF008C8E63 /* Build configuration list for PBXAggregateTarget "all" */ = {
			isa = XCConfigurationList;
			buildConfigurations = (
				42720F71163823AF008C8E63 /* Debug */,
				42720F72163823AF008C8E63 /* Release */,
			);
			defaultConfigurationIsVisible = 0;
			defaultConfigurationName = Release;
		};
		42F4EE6316AEE80D000123A4 /* Build configuration list for PBXNativeTarget "mt-all-ones" */ = {
			isa = XCConfigurationList;
			buildConfigurations = (
				42F4EE6416AEE80D000123A4 /* Debug */,
				42F4EE6516AEE80D000123A4 /* Release */,
			);
			defaultConfigurationIsVisible = 0;
			defaultConfigurationName = Release;
		};
		4804DF161F4F208800B649C8 /* Build configuration list for PBXNativeTarget "gls" */ = {
			isa = XCConfigurationList;
			buildConfigurations = (
				4804DF171F4F208800B649C8 /* Debug */,
				4804DF181F4F208800B649C8 /* Release */,
			);
			defaultConfigurationIsVisible = 0;
			defaultConfigurationName = Release;
		};
		4804DF221F4F2C0300B649C8 /* Build configuration list for PBXNativeTarget "gls_ps" */ = {
			isa = XCConfigurationList;
			buildConfigurations = (
				4804DF231F4F2C0300B649C8 /* Debug */,
				4804DF241F4F2C0300B649C8 /* Release */,
			);
			defaultConfigurationIsVisible = 0;
			defaultConfigurationName = Release;
		};
		481EFFC41E86F165006786A5 /* Build configuration list for PBXNativeTarget "mt" */ = {
			isa = XCConfigurationList;
			buildConfigurations = (
				481EFFC51E86F165006786A5 /* Debug */,
				481EFFC61E86F165006786A5 /* Release */,
			);
			defaultConfigurationIsVisible = 0;
			defaultConfigurationName = Release;
		};
		483B73331F61C21C00DE803D /* Build configuration list for PBXNativeTarget "mt_lr_gls" */ = {
			isa = XCConfigurationList;
			buildConfigurations = (
				483B73341F61C21C00DE803D /* Debug */,
				483B73351F61C21C00DE803D /* Release */,
			);
			defaultConfigurationIsVisible = 0;
			defaultConfigurationName = Release;
		};
		48649A781FB49EDB00CE17DE /* Build configuration list for PBXNativeTarget "mt_lr_gls_control" */ = {
			isa = XCConfigurationList;
			buildConfigurations = (
				48649A791FB49EDB00CE17DE /* Debug */,
				48649A7A1FB49EDB00CE17DE /* Release */,
			);
			defaultConfigurationIsVisible = 0;
			defaultConfigurationName = Release;
		};
		4869C2FF1F9A34570094E1A4 /* Build configuration list for PBXNativeTarget "mt_lr_only_comm" */ = {
			isa = XCConfigurationList;
			buildConfigurations = (
				4869C3001F9A34570094E1A4 /* Debug */,
				4869C3011F9A34570094E1A4 /* Release */,
			);
			defaultConfigurationIsVisible = 0;
			defaultConfigurationName = Release;
		};
		48BA62391E89778800FF91C4 /* Build configuration list for PBXNativeTarget "mt_lr" */ = {
			isa = XCConfigurationList;
			buildConfigurations = (
				48BA623A1E89778800FF91C4 /* Debug */,
				48BA623B1E89778800FF91C4 /* Release */,
			);
			defaultConfigurationIsVisible = 0;
			defaultConfigurationName = Release;
		};
		48BD95141E855A2800C7B0EA /* Build configuration list for PBXNativeTarget "ts" */ = {
			isa = XCConfigurationList;
			buildConfigurations = (
				48BD95151E855A2800C7B0EA /* Debug */,
				48BD95161E855A2800C7B0EA /* Release */,
			);
			defaultConfigurationIsVisible = 0;
			defaultConfigurationName = Release;
		};
		48CD1FE51EA500BA003393BB /* Build configuration list for PBXNativeTarget "mt_lr_perfect" */ = {
			isa = XCConfigurationList;
			buildConfigurations = (
				48CD1FE61EA500BA003393BB /* Debug */,
				48CD1FE71EA500BA003393BB /* Release */,
			);
			defaultConfigurationIsVisible = 0;
			defaultConfigurationName = Release;
		};
/* End XCConfigurationList section */
	};
	rootObject = 4244196715859482009863BE /* Project object */;
}
