<?xml version="1.0" encoding="UTF-8"?>
<Scheme
   LastUpgradeVersion = "0820"
   version = "1.3">
   <BuildAction
      parallelizeBuildables = "YES"
      buildImplicitDependencies = "YES">
      <BuildActionEntries>
         <BuildActionEntry
            buildForTesting = "YES"
            buildForRunning = "YES"
            buildForProfiling = "YES"
            buildForArchiving = "YES"
            buildForAnalyzing = "YES">
            <BuildableReference
               BuildableIdentifier = "primary"
               BlueprintIdentifier = "483B732D1F61C21C00DE803D"
               BuildableName = "mt_lr_gls"
               BlueprintName = "mt_lr_gls"
               ReferencedContainer = "container:mt.xcodeproj">
            </BuildableReference>
         </BuildActionEntry>
      </BuildActionEntries>
   </BuildAction>
   <TestAction
      buildConfiguration = "Debug"
      selectedDebuggerIdentifier = "Xcode.DebuggerFoundation.Debugger.LLDB"
      selectedLauncherIdentifier = "Xcode.DebuggerFoundation.Launcher.LLDB"
      shouldUseLaunchSchemeArgsEnv = "YES">
      <Testables>
      </Testables>
      <MacroExpansion>
         <BuildableReference
            BuildableIdentifier = "primary"
            BlueprintIdentifier = "483B732D1F61C21C00DE803D"
            BuildableName = "mt_lr_gls"
            BlueprintName = "mt_lr_gls"
            ReferencedContainer = "container:mt.xcodeproj">
         </BuildableReference>
      </MacroExpansion>
      <AdditionalOptions>
      </AdditionalOptions>
   </TestAction>
   <LaunchAction
      buildConfiguration = "Debug"
      selectedDebuggerIdentifier = "Xcode.DebuggerFoundation.Debugger.LLDB"
      selectedLauncherIdentifier = "Xcode.DebuggerFoundation.Launcher.LLDB"
      launchStyle = "0"
      useCustomWorkingDirectory = "YES"
      customWorkingDirectory = "/Users/heathergoldsby/Desktop/research/code/configs/mt"
      ignoresPersistentStateOnLaunch = "NO"
      debugDocumentVersioning = "YES"
      debugServiceExtension = "internal"
      allowLocationSimulation = "YES">
      <BuildableProductRunnable
         runnableDebuggingMode = "0">
         <BuildableReference
            BuildableIdentifier = "primary"
            BlueprintIdentifier = "483B732D1F61C21C00DE803D"
            BuildableName = "mt_lr_gls"
            BlueprintName = "mt_lr_gls"
            ReferencedContainer = "container:mt.xcodeproj">
         </BuildableReference>
      </BuildableProductRunnable>
      <CommandLineArguments>
         <CommandLineArgument
            argument = "-c ramp.cfg --ea.mt.cost_start_update=1000002 --ea.mt.ind_rep_threshold=5"
            isEnabled = "YES">
         </CommandLineArgument>
         <CommandLineArgument
            argument = "-l checkpoint-1000000.xml.gz  --ea.mt.cost_start_update=1000002 --ea.mt.ind_rep_threshold=5"
            isEnabled = "NO">
         </CommandLineArgument>
         <CommandLineArgument
            argument = "-l checkpoint-1100000.xml.gz --analyze lod_gls_circle_square_plot --ea.analysis.input.filename=lod-1100000.xml.gz"
            isEnabled = "NO">
         </CommandLineArgument>
         <CommandLineArgument
            argument = "-l checkpoint-1100000.xml.gz --ea.mt.cost_start_update=1000000  --analyze lod_archive_reversion --ea.analysis.input.filename=lod-1100000.xml.gz"
            isEnabled = "NO">
         </CommandLineArgument>
         <CommandLineArgument
            argument = "--merge_checkpoint  checkpoint-1100000.xml.gz  --ea.archive.input=archive_revert_1.xml.gz --ea.run.updates=10000"
            isEnabled = "NO">
         </CommandLineArgument>
         <CommandLineArgument
            argument = "  -l checkpoint-1000000.xml.gz  --analyze archive_population --ea.archive.output=ar1.xml --ea.archive.mark=1"
            isEnabled = "NO">
         </CommandLineArgument>
         <CommandLineArgument
            argument = "  -l checkpoint-1000000.xml.gz  --analyze archive_population --ea.archive.output=ar2.xml --ea.archive.mark=2"
            isEnabled = "NO">
         </CommandLineArgument>
         <CommandLineArgument
            argument = "  -l checkpoint-1000000.xml.gz  --analyze merge_archives --ea.archive.input=ar1.xml --ea.archive.output=ar3.xml"
            isEnabled = "NO">
         </CommandLineArgument>
         <CommandLineArgument
            argument = "--merge_checkpoint checkpoint-1000000.xml.gz -c ramp_big.cfg --ea.archive.input=ar3.xml --ea.metapopulation.size=2000"
            isEnabled = "NO">
         </CommandLineArgument>
         <CommandLineArgument
            argument = "-l checkpoint-500000.xml.gz --analyze lod_knockouts_capabilities --ea.analysis.input.filename  lod-500000.xml.gz --ea.mt.ind_rep_threshold=25"
            isEnabled = "NO">
         </CommandLineArgument>
      </CommandLineArguments>
      <AdditionalOptions>
      </AdditionalOptions>
   </LaunchAction>
   <ProfileAction
      buildConfiguration = "Release"
      shouldUseLaunchSchemeArgsEnv = "YES"
      savedToolIdentifier = ""
      useCustomWorkingDirectory = "NO"
      debugDocumentVersioning = "YES">
      <BuildableProductRunnable
         runnableDebuggingMode = "0">
         <BuildableReference
            BuildableIdentifier = "primary"
            BlueprintIdentifier = "483B732D1F61C21C00DE803D"
            BuildableName = "mt_lr_gls"
            BlueprintName = "mt_lr_gls"
            ReferencedContainer = "container:mt.xcodeproj">
         </BuildableReference>
      </BuildableProductRunnable>
   </ProfileAction>
   <AnalyzeAction
      buildConfiguration = "Debug">
   </AnalyzeAction>
   <ArchiveAction
      buildConfiguration = "Release"
      revealArchiveInOrganizer = "YES">
   </ArchiveAction>
</Scheme>
